// !$*UTF8*$!
{
	archiveVersion = 1;
	classes = {
	};
	objectVersion = 46;
	objects = {

/* Begin PBXBuildFile section */
		E85F0CF51A8D090D00E2541B /* NotificationsViewController.m in Sources */ = {isa = PBXBuildFile; fileRef = E85F0CF41A8D090D00E2541B /* NotificationsViewController.m */; };
		E8C9509B1A8CC69F00B1D891 /* LaunchScreen.xib in Resources */ = {isa = PBXBuildFile; fileRef = E8C9509A1A8CC69F00B1D891 /* LaunchScreen.xib */; };
		E8D3EA981A88B90700101E29 /* main.m in Sources */ = {isa = PBXBuildFile; fileRef = E8D3EA971A88B90700101E29 /* main.m */; };
		E8D3EA9B1A88B90700101E29 /* AppDelegate.m in Sources */ = {isa = PBXBuildFile; fileRef = E8D3EA9A1A88B90700101E29 /* AppDelegate.m */; };
		E8D3EA9E1A88B90700101E29 /* TodoList.xcdatamodeld in Sources */ = {isa = PBXBuildFile; fileRef = E8D3EA9C1A88B90700101E29 /* TodoList.xcdatamodeld */; };
		E8D3EAA11A88B90700101E29 /* ViewController.m in Sources */ = {isa = PBXBuildFile; fileRef = E8D3EAA01A88B90700101E29 /* ViewController.m */; };
		E8D3EAA61A88B90700101E29 /* Images.xcassets in Resources */ = {isa = PBXBuildFile; fileRef = E8D3EAA51A88B90700101E29 /* Images.xcassets */; };
		E8D3EAB51A88B90700101E29 /* TodoListTests.m in Sources */ = {isa = PBXBuildFile; fileRef = E8D3EAB41A88B90700101E29 /* TodoListTests.m */; };
		E8D3EAC21A88E00200101E29 /* TableViewController.m in Sources */ = {isa = PBXBuildFile; fileRef = E8D3EAC11A88E00200101E29 /* TableViewController.m */; };
		E8D3EAC81A88E2A800101E29 /* CreateToDoViewController.m in Sources */ = {isa = PBXBuildFile; fileRef = E8D3EAC71A88E2A800101E29 /* CreateToDoViewController.m */; };
		E8F239E51A8B9406000D239E /* DetailViewController.m in Sources */ = {isa = PBXBuildFile; fileRef = E8F239E41A8B9406000D239E /* DetailViewController.m */; };
		E8F51FEF1A90A0F6002F524A /* SettingsViewController.m in Sources */ = {isa = PBXBuildFile; fileRef = E8F51FEE1A90A0F6002F524A /* SettingsViewController.m */; };
/* End PBXBuildFile section */

/* Begin PBXContainerItemProxy section */
		E8D3EAAF1A88B90700101E29 /* PBXContainerItemProxy */ = {
			isa = PBXContainerItemProxy;
			containerPortal = E8D3EA8A1A88B90700101E29 /* Project object */;
			proxyType = 1;
			remoteGlobalIDString = E8D3EA911A88B90700101E29;
			remoteInfo = TodoList;
		};
/* End PBXContainerItemProxy section */

/* Begin PBXFileReference section */
		E85F0CF31A8D090D00E2541B /* NotificationsViewController.h */ = {isa = PBXFileReference; fileEncoding = 4; lastKnownFileType = sourcecode.c.h; path = NotificationsViewController.h; sourceTree = "<group>"; };
		E85F0CF41A8D090D00E2541B /* NotificationsViewController.m */ = {isa = PBXFileReference; fileEncoding = 4; lastKnownFileType = sourcecode.c.objc; path = NotificationsViewController.m; sourceTree = "<group>"; };
		E8C9509A1A8CC69F00B1D891 /* LaunchScreen.xib */ = {isa = PBXFileReference; fileEncoding = 4; lastKnownFileType = file.xib; path = LaunchScreen.xib; sourceTree = "<group>"; };
		E8D3EA921A88B90700101E29 /* TaskPlanet.app */ = {isa = PBXFileReference; explicitFileType = wrapper.application; includeInIndex = 0; path = TaskPlanet.app; sourceTree = BUILT_PRODUCTS_DIR; };
		E8D3EA961A88B90700101E29 /* Info.plist */ = {isa = PBXFileReference; lastKnownFileType = text.plist.xml; path = Info.plist; sourceTree = "<group>"; };
		E8D3EA971A88B90700101E29 /* main.m */ = {isa = PBXFileReference; lastKnownFileType = sourcecode.c.objc; path = main.m; sourceTree = "<group>"; };
		E8D3EA991A88B90700101E29 /* AppDelegate.h */ = {isa = PBXFileReference; lastKnownFileType = sourcecode.c.h; path = AppDelegate.h; sourceTree = "<group>"; };
		E8D3EA9A1A88B90700101E29 /* AppDelegate.m */ = {isa = PBXFileReference; lastKnownFileType = sourcecode.c.objc; path = AppDelegate.m; sourceTree = "<group>"; };
		E8D3EA9D1A88B90700101E29 /* TodoList.xcdatamodel */ = {isa = PBXFileReference; lastKnownFileType = wrapper.xcdatamodel; path = TodoList.xcdatamodel; sourceTree = "<group>"; };
		E8D3EA9F1A88B90700101E29 /* ViewController.h */ = {isa = PBXFileReference; lastKnownFileType = sourcecode.c.h; path = ViewController.h; sourceTree = "<group>"; };
		E8D3EAA01A88B90700101E29 /* ViewController.m */ = {isa = PBXFileReference; lastKnownFileType = sourcecode.c.objc; path = ViewController.m; sourceTree = "<group>"; };
		E8D3EAA51A88B90700101E29 /* Images.xcassets */ = {isa = PBXFileReference; lastKnownFileType = folder.assetcatalog; path = Images.xcassets; sourceTree = "<group>"; };
		E8D3EAAE1A88B90700101E29 /* TaskPlanetTests.xctest */ = {isa = PBXFileReference; explicitFileType = wrapper.cfbundle; includeInIndex = 0; path = TaskPlanetTests.xctest; sourceTree = BUILT_PRODUCTS_DIR; };
		E8D3EAB31A88B90700101E29 /* Info.plist */ = {isa = PBXFileReference; lastKnownFileType = text.plist.xml; path = Info.plist; sourceTree = "<group>"; };
		E8D3EAB41A88B90700101E29 /* TodoListTests.m */ = {isa = PBXFileReference; lastKnownFileType = sourcecode.c.objc; path = TodoListTests.m; sourceTree = "<group>"; };
		E8D3EABE1A88C34A00101E29 /* Constants.h */ = {isa = PBXFileReference; lastKnownFileType = sourcecode.c.h; name = Constants.h; path = TodoList/Constants.h; sourceTree = "<group>"; };
		E8D3EAC01A88E00200101E29 /* TableViewController.h */ = {isa = PBXFileReference; fileEncoding = 4; lastKnownFileType = sourcecode.c.h; path = TableViewController.h; sourceTree = "<group>"; };
		E8D3EAC11A88E00200101E29 /* TableViewController.m */ = {isa = PBXFileReference; fileEncoding = 4; lastKnownFileType = sourcecode.c.objc; path = TableViewController.m; sourceTree = "<group>"; };
		E8D3EAC61A88E2A800101E29 /* CreateToDoViewController.h */ = {isa = PBXFileReference; fileEncoding = 4; lastKnownFileType = sourcecode.c.h; name = CreateToDoViewController.h; path = ../CreateToDoViewController.h; sourceTree = "<group>"; };
		E8D3EAC71A88E2A800101E29 /* CreateToDoViewController.m */ = {isa = PBXFileReference; fileEncoding = 4; lastKnownFileType = sourcecode.c.objc; name = CreateToDoViewController.m; path = ../CreateToDoViewController.m; sourceTree = "<group>"; };
		E8F239E31A8B9406000D239E /* DetailViewController.h */ = {isa = PBXFileReference; fileEncoding = 4; lastKnownFileType = sourcecode.c.h; path = DetailViewController.h; sourceTree = "<group>"; };
		E8F239E41A8B9406000D239E /* DetailViewController.m */ = {isa = PBXFileReference; fileEncoding = 4; lastKnownFileType = sourcecode.c.objc; path = DetailViewController.m; sourceTree = "<group>"; };
		E8F51FED1A90A0F6002F524A /* SettingsViewController.h */ = {isa = PBXFileReference; fileEncoding = 4; lastKnownFileType = sourcecode.c.h; path = SettingsViewController.h; sourceTree = "<group>"; };
		E8F51FEE1A90A0F6002F524A /* SettingsViewController.m */ = {isa = PBXFileReference; fileEncoding = 4; lastKnownFileType = sourcecode.c.objc; path = SettingsViewController.m; sourceTree = "<group>"; };
/* End PBXFileReference section */

/* Begin PBXFrameworksBuildPhase section */
		E8D3EA8F1A88B90700101E29 /* Frameworks */ = {
			isa = PBXFrameworksBuildPhase;
			buildActionMask = 2147483647;
			files = (
			);
			runOnlyForDeploymentPostprocessing = 0;
		};
		E8D3EAAB1A88B90700101E29 /* Frameworks */ = {
			isa = PBXFrameworksBuildPhase;
			buildActionMask = 2147483647;
			files = (
			);
			runOnlyForDeploymentPostprocessing = 0;
		};
/* End PBXFrameworksBuildPhase section */

/* Begin PBXGroup section */
		E8D3EA891A88B90700101E29 = {
			isa = PBXGroup;
			children = (
				E8D3EA941A88B90700101E29 /* TodoList */,
				E8D3EAB11A88B90700101E29 /* TodoListTests */,
				E8D3EA931A88B90700101E29 /* Products */,
			);
			sourceTree = "<group>";
		};
		E8D3EA931A88B90700101E29 /* Products */ = {
			isa = PBXGroup;
			children = (
				E8D3EA921A88B90700101E29 /* TaskPlanet.app */,
				E8D3EAAE1A88B90700101E29 /* TaskPlanetTests.xctest */,
			);
			name = Products;
			sourceTree = "<group>";
		};
		E8D3EA941A88B90700101E29 /* TodoList */ = {
			isa = PBXGroup;
			children = (
				E8F51FFA1A911843002F524A /* Templates */,
				E8F51FF81A91181A002F524A /* Data Model */,
				E8F51FF61A9117F0002F524A /* Images */,
				E8F51FF51A9117CB002F524A /* Controllers */,
				E8F51FF31A91178B002F524A /* _root */,
				E8D3EABF1A88C37E00101E29 /* Common */,
				E8D3EA951A88B90700101E29 /* Supporting Files */,
			);
			path = TodoList;
			sourceTree = "<group>";
		};
		E8D3EA951A88B90700101E29 /* Supporting Files */ = {
			isa = PBXGroup;
			children = (
				E8D3EA961A88B90700101E29 /* Info.plist */,
				E8D3EA971A88B90700101E29 /* main.m */,
			);
			name = "Supporting Files";
			sourceTree = "<group>";
		};
		E8D3EAB11A88B90700101E29 /* TodoListTests */ = {
			isa = PBXGroup;
			children = (
				E8D3EAB41A88B90700101E29 /* TodoListTests.m */,
				E8D3EAB21A88B90700101E29 /* Supporting Files */,
			);
			path = TodoListTests;
			sourceTree = "<group>";
		};
		E8D3EAB21A88B90700101E29 /* Supporting Files */ = {
			isa = PBXGroup;
			children = (
				E8D3EAB31A88B90700101E29 /* Info.plist */,
			);
			name = "Supporting Files";
			sourceTree = "<group>";
		};
		E8D3EABF1A88C37E00101E29 /* Common */ = {
			isa = PBXGroup;
			children = (
				E8D3EABE1A88C34A00101E29 /* Constants.h */,
			);
			name = Common;
			path = ..;
			sourceTree = "<group>";
		};
		E8F51FF31A91178B002F524A /* _root */ = {
			isa = PBXGroup;
			children = (
				E8D3EA9A1A88B90700101E29 /* AppDelegate.m */,
				E8D3EA991A88B90700101E29 /* AppDelegate.h */,
			);
			name = _root;
			sourceTree = "<group>";
		};
		E8F51FF51A9117CB002F524A /* Controllers */ = {
			isa = PBXGroup;
			children = (
				E8D3EAC61A88E2A800101E29 /* CreateToDoViewController.h */,
				E8D3EAC71A88E2A800101E29 /* CreateToDoViewController.m */,
				E85F0CF31A8D090D00E2541B /* NotificationsViewController.h */,
				E85F0CF41A8D090D00E2541B /* NotificationsViewController.m */,
				E8F51FED1A90A0F6002F524A /* SettingsViewController.h */,
				E8F51FEE1A90A0F6002F524A /* SettingsViewController.m */,
				E8D3EAC01A88E00200101E29 /* TableViewController.h */,
				E8D3EAC11A88E00200101E29 /* TableViewController.m */,
				E8D3EA9F1A88B90700101E29 /* ViewController.h */,
				E8D3EAA01A88B90700101E29 /* ViewController.m */,
				E8F239E31A8B9406000D239E /* DetailViewController.h */,
				E8F239E41A8B9406000D239E /* DetailViewController.m */,
			);
			name = Controllers;
			sourceTree = "<group>";
		};
		E8F51FF61A9117F0002F524A /* Images */ = {
			isa = PBXGroup;
			children = (
				E8D3EAA51A88B90700101E29 /* Images.xcassets */,
			);
			name = Images;
			sourceTree = "<group>";
		};
		E8F51FF81A91181A002F524A /* Data Model */ = {
			isa = PBXGroup;
			children = (
				E8D3EA9C1A88B90700101E29 /* TodoList.xcdatamodeld */,
			);
			name = "Data Model";
			sourceTree = "<group>";
		};
		E8F51FFA1A911843002F524A /* Templates */ = {
			isa = PBXGroup;
			children = (
				E8C9509A1A8CC69F00B1D891 /* LaunchScreen.xib */,
			);
			name = Templates;
			sourceTree = "<group>";
		};
/* End PBXGroup section */

/* Begin PBXNativeTarget section */
		E8D3EA911A88B90700101E29 /* TaskPlanet */ = {
			isa = PBXNativeTarget;
			buildConfigurationList = E8D3EAB81A88B90700101E29 /* Build configuration list for PBXNativeTarget "TaskPlanet" */;
			buildPhases = (
				E8D3EA8E1A88B90700101E29 /* Sources */,
				E8D3EA8F1A88B90700101E29 /* Frameworks */,
				E8D3EA901A88B90700101E29 /* Resources */,
			);
			buildRules = (
			);
			dependencies = (
			);
			name = TaskPlanet;
			productName = TodoList;
			productReference = E8D3EA921A88B90700101E29 /* TaskPlanet.app */;
			productType = "com.apple.product-type.application";
		};
		E8D3EAAD1A88B90700101E29 /* TaskPlanetTests */ = {
			isa = PBXNativeTarget;
			buildConfigurationList = E8D3EABB1A88B90700101E29 /* Build configuration list for PBXNativeTarget "TaskPlanetTests" */;
			buildPhases = (
				E8D3EAAA1A88B90700101E29 /* Sources */,
				E8D3EAAB1A88B90700101E29 /* Frameworks */,
				E8D3EAAC1A88B90700101E29 /* Resources */,
			);
			buildRules = (
			);
			dependencies = (
				E8D3EAB01A88B90700101E29 /* PBXTargetDependency */,
			);
			name = TaskPlanetTests;
			productName = TodoListTests;
			productReference = E8D3EAAE1A88B90700101E29 /* TaskPlanetTests.xctest */;
			productType = "com.apple.product-type.bundle.unit-test";
		};
/* End PBXNativeTarget section */

/* Begin PBXProject section */
		E8D3EA8A1A88B90700101E29 /* Project object */ = {
			isa = PBXProject;
			attributes = {
				LastUpgradeCheck = 0610;
				ORGANIZATIONNAME = Cynosure;
				TargetAttributes = {
					E8D3EA911A88B90700101E29 = {
						CreatedOnToolsVersion = 6.1;
					};
					E8D3EAAD1A88B90700101E29 = {
						CreatedOnToolsVersion = 6.1;
						TestTargetID = E8D3EA911A88B90700101E29;
					};
				};
			};
			buildConfigurationList = E8D3EA8D1A88B90700101E29 /* Build configuration list for PBXProject "TaskPlanet" */;
			compatibilityVersion = "Xcode 3.2";
			developmentRegion = English;
			hasScannedForEncodings = 0;
			knownRegions = (
				en,
				Base,
			);
			mainGroup = E8D3EA891A88B90700101E29;
			productRefGroup = E8D3EA931A88B90700101E29 /* Products */;
			projectDirPath = "";
			projectRoot = "";
			targets = (
				E8D3EA911A88B90700101E29 /* TaskPlanet */,
				E8D3EAAD1A88B90700101E29 /* TaskPlanetTests */,
			);
		};
/* End PBXProject section */

/* Begin PBXResourcesBuildPhase section */
		E8D3EA901A88B90700101E29 /* Resources */ = {
			isa = PBXResourcesBuildPhase;
			buildActionMask = 2147483647;
			files = (
				E8D3EAA61A88B90700101E29 /* Images.xcassets in Resources */,
				E8C9509B1A8CC69F00B1D891 /* LaunchScreen.xib in Resources */,
			);
			runOnlyForDeploymentPostprocessing = 0;
		};
		E8D3EAAC1A88B90700101E29 /* Resources */ = {
			isa = PBXResourcesBuildPhase;
			buildActionMask = 2147483647;
			files = (
			);
			runOnlyForDeploymentPostprocessing = 0;
		};
/* End PBXResourcesBuildPhase section */

/* Begin PBXSourcesBuildPhase section */
		E8D3EA8E1A88B90700101E29 /* Sources */ = {
			isa = PBXSourcesBuildPhase;
			buildActionMask = 2147483647;
			files = (
				E8D3EA9B1A88B90700101E29 /* AppDelegate.m in Sources */,
				E85F0CF51A8D090D00E2541B /* NotificationsViewController.m in Sources */,
				E8D3EA981A88B90700101E29 /* main.m in Sources */,
				E8F51FEF1A90A0F6002F524A /* SettingsViewController.m in Sources */,
				E8D3EAC81A88E2A800101E29 /* CreateToDoViewController.m in Sources */,
				E8D3EAA11A88B90700101E29 /* ViewController.m in Sources */,
				E8D3EAC21A88E00200101E29 /* TableViewController.m in Sources */,
				E8D3EA9E1A88B90700101E29 /* TodoList.xcdatamodeld in Sources */,
				E8F239E51A8B9406000D239E /* DetailViewController.m in Sources */,
			);
			runOnlyForDeploymentPostprocessing = 0;
		};
		E8D3EAAA1A88B90700101E29 /* Sources */ = {
			isa = PBXSourcesBuildPhase;
			buildActionMask = 2147483647;
			files = (
				E8D3EAB51A88B90700101E29 /* TodoListTests.m in Sources */,
			);
			runOnlyForDeploymentPostprocessing = 0;
		};
/* End PBXSourcesBuildPhase section */

/* Begin PBXTargetDependency section */
		E8D3EAB01A88B90700101E29 /* PBXTargetDependency */ = {
			isa = PBXTargetDependency;
			target = E8D3EA911A88B90700101E29 /* TaskPlanet */;
			targetProxy = E8D3EAAF1A88B90700101E29 /* PBXContainerItemProxy */;
		};
/* End PBXTargetDependency section */

/* Begin XCBuildConfiguration section */
		E8D3EAB61A88B90700101E29 /* Debug */ = {
			isa = XCBuildConfiguration;
			buildSettings = {
				ALWAYS_SEARCH_USER_PATHS = NO;
				CLANG_CXX_LANGUAGE_STANDARD = "gnu++0x";
				CLANG_CXX_LIBRARY = "libc++";
				CLANG_ENABLE_MODULES = YES;
				CLANG_ENABLE_OBJC_ARC = YES;
				CLANG_WARN_BOOL_CONVERSION = YES;
				CLANG_WARN_CONSTANT_CONVERSION = YES;
				CLANG_WARN_DIRECT_OBJC_ISA_USAGE = YES_ERROR;
				CLANG_WARN_EMPTY_BODY = YES;
				CLANG_WARN_ENUM_CONVERSION = YES;
				CLANG_WARN_INT_CONVERSION = YES;
				CLANG_WARN_OBJC_ROOT_CLASS = YES_ERROR;
				CLANG_WARN_UNREACHABLE_CODE = YES;
				CLANG_WARN__DUPLICATE_METHOD_MATCH = YES;
				"CODE_SIGN_IDENTITY[sdk=iphoneos*]" = "iPhone Developer";
				COPY_PHASE_STRIP = NO;
				ENABLE_STRICT_OBJC_MSGSEND = YES;
				GCC_C_LANGUAGE_STANDARD = gnu99;
				GCC_DYNAMIC_NO_PIC = NO;
				GCC_OPTIMIZATION_LEVEL = 0;
				GCC_PREPROCESSOR_DEFINITIONS = (
					"DEBUG=1",
					"$(inherited)",
				);
				GCC_SYMBOLS_PRIVATE_EXTERN = NO;
				GCC_WARN_64_TO_32_BIT_CONVERSION = YES;
				GCC_WARN_ABOUT_RETURN_TYPE = YES_ERROR;
				GCC_WARN_UNDECLARED_SELECTOR = YES;
				GCC_WARN_UNINITIALIZED_AUTOS = YES_AGGRESSIVE;
				GCC_WARN_UNUSED_FUNCTION = YES;
				GCC_WARN_UNUSED_VARIABLE = YES;
				IPHONEOS_DEPLOYMENT_TARGET = 8.1;
				MTL_ENABLE_DEBUG_INFO = YES;
				ONLY_ACTIVE_ARCH = YES;
				SDKROOT = iphoneos;
			};
			name = Debug;
		};
		E8D3EAB71A88B90700101E29 /* Release */ = {
			isa = XCBuildConfiguration;
			buildSettings = {
				ALWAYS_SEARCH_USER_PATHS = NO;
				CLANG_CXX_LANGUAGE_STANDARD = "gnu++0x";
				CLANG_CXX_LIBRARY = "libc++";
				CLANG_ENABLE_MODULES = YES;
				CLANG_ENABLE_OBJC_ARC = YES;
				CLANG_WARN_BOOL_CONVERSION = YES;
				CLANG_WARN_CONSTANT_CONVERSION = YES;
				CLANG_WARN_DIRECT_OBJC_ISA_USAGE = YES_ERROR;
				CLANG_WARN_EMPTY_BODY = YES;
				CLANG_WARN_ENUM_CONVERSION = YES;
				CLANG_WARN_INT_CONVERSION = YES;
				CLANG_WARN_OBJC_ROOT_CLASS = YES_ERROR;
				CLANG_WARN_UNREACHABLE_CODE = YES;
				CLANG_WARN__DUPLICATE_METHOD_MATCH = YES;
				"CODE_SIGN_IDENTITY[sdk=iphoneos*]" = "iPhone Developer";
				COPY_PHASE_STRIP = YES;
				ENABLE_NS_ASSERTIONS = NO;
				ENABLE_STRICT_OBJC_MSGSEND = YES;
				GCC_C_LANGUAGE_STANDARD = gnu99;
				GCC_WARN_64_TO_32_BIT_CONVERSION = YES;
				GCC_WARN_ABOUT_RETURN_TYPE = YES_ERROR;
				GCC_WARN_UNDECLARED_SELECTOR = YES;
				GCC_WARN_UNINITIALIZED_AUTOS = YES_AGGRESSIVE;
				GCC_WARN_UNUSED_FUNCTION = YES;
				GCC_WARN_UNUSED_VARIABLE = YES;
				IPHONEOS_DEPLOYMENT_TARGET = 8.1;
				MTL_ENABLE_DEBUG_INFO = NO;
				SDKROOT = iphoneos;
				VALIDATE_PRODUCT = YES;
			};
			name = Release;
		};
		E8D3EAB91A88B90700101E29 /* Debug */ = {
			isa = XCBuildConfiguration;
			buildSettings = {
				ASSETCATALOG_COMPILER_APPICON_NAME = AppIcon;
				INFOPLIST_FILE = TodoList/Info.plist;
				LD_RUNPATH_SEARCH_PATHS = "$(inherited) @executable_path/Frameworks";
				PRODUCT_NAME = TaskPlanet;
			};
			name = Debug;
		};
		E8D3EABA1A88B90700101E29 /* Release */ = {
			isa = XCBuildConfiguration;
			buildSettings = {
				ASSETCATALOG_COMPILER_APPICON_NAME = AppIcon;
				INFOPLIST_FILE = TodoList/Info.plist;
				LD_RUNPATH_SEARCH_PATHS = "$(inherited) @executable_path/Frameworks";
				PRODUCT_NAME = TaskPlanet;
			};
			name = Release;
		};
		E8D3EABC1A88B90700101E29 /* Debug */ = {
			isa = XCBuildConfiguration;
			buildSettings = {
				BUNDLE_LOADER = "$(TEST_HOST)";
				FRAMEWORK_SEARCH_PATHS = (
					"$(SDKROOT)/Developer/Library/Frameworks",
					"$(inherited)",
				);
				GCC_PREPROCESSOR_DEFINITIONS = (
					"DEBUG=1",
					"$(inherited)",
				);
				INFOPLIST_FILE = TodoListTests/Info.plist;
				LD_RUNPATH_SEARCH_PATHS = "$(inherited) @executable_path/Frameworks @loader_path/Frameworks";
				PRODUCT_NAME = TaskPlanetTests;
				TEST_HOST = "$(BUILT_PRODUCTS_DIR)/TodoList.app/TodoList";
			};
			name = Debug;
		};
		E8D3EABD1A88B90700101E29 /* Release */ = {
			isa = XCBuildConfiguration;
			buildSettings = {
				BUNDLE_LOADER = "$(TEST_HOST)";
				FRAMEWORK_SEARCH_PATHS = (
					"$(SDKROOT)/Developer/Library/Frameworks",
					"$(inherited)",
				);
				INFOPLIST_FILE = TodoListTests/Info.plist;
				LD_RUNPATH_SEARCH_PATHS = "$(inherited) @executable_path/Frameworks @loader_path/Frameworks";
				PRODUCT_NAME = TaskPlanetTests;
				TEST_HOST = "$(BUILT_PRODUCTS_DIR)/TodoList.app/TodoList";
			};
			name = Release;
		};
/* End XCBuildConfiguration section */

/* Begin XCConfigurationList section */
		E8D3EA8D1A88B90700101E29 /* Build configuration list for PBXProject "TaskPlanet" */ = {
			isa = XCConfigurationList;
			buildConfigurations = (
				E8D3EAB61A88B90700101E29 /* Debug */,
				E8D3EAB71A88B90700101E29 /* Release */,
			);
			defaultConfigurationIsVisible = 0;
			defaultConfigurationName = Release;
		};
		E8D3EAB81A88B90700101E29 /* Build configuration list for PBXNativeTarget "TaskPlanet" */ = {
			isa = XCConfigurationList;
			buildConfigurations = (
				E8D3EAB91A88B90700101E29 /* Debug */,
				E8D3EABA1A88B90700101E29 /* Release */,
			);
			defaultConfigurationIsVisible = 0;
			defaultConfigurationName = Release;
		};
		E8D3EABB1A88B90700101E29 /* Build configuration list for PBXNativeTarget "TaskPlanetTests" */ = {
			isa = XCConfigurationList;
			buildConfigurations = (
				E8D3EABC1A88B90700101E29 /* Debug */,
				E8D3EABD1A88B90700101E29 /* Release */,
			);
			defaultConfigurationIsVisible = 0;
			defaultConfigurationName = Release;
		};
/* End XCConfigurationList section */

/* Begin XCVersionGroup section */
		E8D3EA9C1A88B90700101E29 /* TodoList.xcdatamodeld */ = {
			isa = XCVersionGroup;
			children = (
				E8D3EA9D1A88B90700101E29 /* TodoList.xcdatamodel */,
			);
			currentVersion = E8D3EA9D1A88B90700101E29 /* TodoList.xcdatamodel */;
			path = TodoList.xcdatamodeld;
			sourceTree = "<group>";
			versionGroupType = wrapper.xcdatamodel;
		};
/* End XCVersionGroup section */
	};
	rootObject = E8D3EA8A1A88B90700101E29 /* Project object */;
}
